github.com/go-gl/gl v0.0.0-20211210172815-726fda9656d6 h1:zDw5v7qm4yH7N8C8uWd+8Ii9rROdgWxQuGoJ9WDXxfk=
github.com/go-gl/gl v0.0.0-20211210172815-726fda9656d6/go.mod h1:9YTyiznxEY1fVinfM7RvRcjRHbw2xLBJ3AAGIT0I4Nw=
github.com/go-gl/glfw/v3.3/glfw v0.0.0-20211024062804-40e447a793be h1:Z28GdQBfKOL8tNHjvaDn3wHDO7AzTRkmAXvHvnopp98=
github.com/go-gl/glfw/v3.3/glfw v0.0.0-20211024062804-40e447a793be/go.mod h1:tQ2UAYgL5IevRw8kRxooKSPJfGvJ9fJQFa0TUsXzTg8=
github.com/golang/freetype v0.0.0-20170609003504-e2365dfdc4a0 h1:DACJavvAHhabrF08vX0COfcOBJRhZ8lUbR+ZWIs0Y5g=
github.com/golang/freetype v0.0.0-20170609003504-e2365dfdc4a0/go.mod h1:E/TSTwGwJL78qG/PmXZO1EjYhfJinVAhrmmHX6Z8B9k=
github.com/google/gxui v0.0.0-20151028112939-f85e0a97b3a4 h1:OL2d27ueTKnlQJoqLW2fc9pWYulFnJYLWzomGV7HqZo=
github.com/google/gxui v0.0.0-20151028112939-f85e0a97b3a4/go.mod h1:Pw1H1OjSNHiqeuxAduB1BKYXIwFtsyrY47nEqSgEiCM=
github.com/gopherjs/gopherjs v1.17.2 h1:fQnZVsXk8uxXIStYb0N4bGk7jeyTalG/wsZjQ25dO0g=
github.com/gopherjs/gopherjs v1.17.2/go.mod h1:pRRIvn/QzFLrKfvEz3qUuEhtE/zLCWfreZ6J5gM2i+k=
github.com/goxjs/gl v0.0.0-20210104184919-e3fafc6f8f2a h1:zJSqvd6WeaSHaep4NmGZyVjkTsXKCaWbb5G5P+czKME=
github.com/goxjs/gl v0.0.0-20210104184919-e3fafc6f8f2a/go.mod h1:dy/f2gjY09hwVfIyATps4G2ai7/hLwLkc5TrPqONuXY=
github.com/goxjs/glfw v0.0.0-20220119044647-4bcee99381f2 h1:I9gvAmAaJVbyuQRJsD7Zdeen9jT7EH8pAqb3W27JGD8=
github.com/goxjs/glfw v0.0.0-20220119044647-4bcee99381f2/go.mod h1:oS8P8gVOT4ywTcjV6wZlOU4GuVFQ8F5328KY3MJ79CY=
golang.org/x/image v0.0.0-20211028202545-6944b10bf410 h1:hTftEOvwiOq2+O8k2D5/Q7COC7k5Qcrgc2TFURJYnvQ=
golang.org/x/image v0.0.0-20211028202545-6944b10bf410/go.mod h1:023OzeP/+EPmXeapQh35lcL3II3LrY8Ic+EFFKVhULM=
golang.org/x/text v0.3.6/go.mod h1:5Zoc/QRtKVWzQhOtBMvqHzDpF6irO9z98xDceosuGiQ=
golang.org/x/tools v0.0.0-20180917221912-90fa682c2a6e/go.mod h1:n7NCudcB/nEzxVGmLbDWY5pfWTLqBcC2KZ6jyYvM4mQ=
honnef.co/go/js/dom v0.0.0-20221001195520-26252dedbe70 h1:2ZZFiPwRLxiNX2E/YO6Jgw1pCjDRDgmx20PGyw/cw+M=
honnef.co/go/js/dom v0.0.0-20221001195520-26252dedbe70/go.mod h1:sUMDUKNB2ZcVjt92UnLy3cdGs+wDAcrPdV3JP6sVgA4=
